{
  "version": 1,
  "members": {
    "effect": {
      "url": "https://github.com/effect-ts/effect",
      "ref": "main",
      "commit": "7b8165f45779380fea8ac8e09badef898b63eb41",
      "pinned": false,
      "lockedAt": "2026-02-03T09:59:55.673Z"
    },
    "overeng-beads-public": {
      "url": "https://github.com/overengineeringstudio/overeng-beads-public",
      "ref": "main",
      "commit": "02b24e1e78f0bf741ac55389902b2884390ec509",
      "pinned": false,
      "lockedAt": "2026-02-03T09:59:55.673Z"
    }
  }
}
