{
  "version": 1,
  "members": {
    "effect": {
      "url": "https://github.com/effect-ts/effect",
      "ref": "main",
      "commit": "12b1f1eadf649e30dec581b7351ba3abb12f8004",
      "pinned": false,
      "lockedAt": "2026-02-15T14:21:27.737Z"
    },
    "overeng-beads-public": {
      "url": "https://github.com/overengineeringstudio/overeng-beads-public",
      "ref": "main",
      "commit": "6b910598ccbe27ac98ded98c9cdd98c16cae36e7",
      "pinned": false,
      "lockedAt": "2026-02-15T14:21:27.737Z"
    }
  }
}
