{
  "version": 1,
  "members": {
    "effect": {
      "url": "https://github.com/effect-ts/effect",
      "ref": "main",
      "commit": "6c39a34c6145811f5c41292f03bf7939cfa8e70d",
      "pinned": false,
      "lockedAt": "2026-03-26T10:07:09.751Z"
    },
    "overeng-beads-public": {
      "url": "https://github.com/overengineeringstudio/overeng-beads-public",
      "ref": "main",
      "commit": "ef4694ac029f52b7b4fbccb1ef782e268dd6d524",
      "pinned": false,
      "lockedAt": "2026-03-12T21:23:40.138Z"
    }
  }
}
