lockfileVersion: '9.0'

settings:
  autoInstallPeers: true
  excludeLinksFromLockfile: false

patchedDependencies:
  effect-distributed-lock@0.0.11:
    hash: a365d5c8857e3a421ea3b83b6be483433a5a75b344072aa68c4c984b14ec5a0b
    path: packages/@overeng/utils/patches/effect-distributed-lock@0.0.11.patch

importers:

  .: {}
