lockfileVersion: '9.0'

settings:
  autoInstallPeers: true
  excludeLinksFromLockfile: false

importers:

  .:
    dependencies:
      '@effect/cli':
        specifier: 0.73.0
        version: 0.73.0(@effect/platform@0.94.1(effect@3.19.14))(@effect/printer-ansi@0.47.0(@effect/typeclass@0.38.0(effect@3.19.14))(effect@3.19.14))(@effect/printer@0.47.0(@effect/typeclass@0.38.0(effect@3.19.14))(effect@3.19.14))(effect@3.19.14)
      '@effect/platform':
        specifier: 0.94.1
        version: 0.94.1(effect@3.19.14)
      '@effect/platform-node':
        specifier: 0.104.0
        version: 0.104.0(@effect/cluster@0.56.1(@effect/platform@0.94.1(effect@3.19.14))(@effect/rpc@0.73.0(@effect/platform@0.94.1(effect@3.19.14))(effect@3.19.14))(@effect/sql@0.49.0(@effect/experimental@0.58.0(@effect/platform@0.94.1(effect@3.19.14))(effect@3.19.14)(ioredis@5.6.1))(@effect/platform@0.94.1(effect@3.19.14))(effect@3.19.14))(@effect/workflow@0.16.0(@effect/experimental@0.58.0(@effect/platform@0.94.1(effect@3.19.14))(effect@3.19.14)(ioredis@5.6.1))(@effect/platform@0.94.1(effect@3.19.14))(@effect/rpc@0.73.0(@effect/platform@0.94.1(effect@3.19.14))(effect@3.19.14))(effect@3.19.14))(effect@3.19.14))(@effect/platform@0.94.1(effect@3.19.14))(@effect/rpc@0.73.0(@effect/platform@0.94.1(effect@3.19.14))(effect@3.19.14))(@effect/sql@0.49.0(@effect/experimental@0.58.0(@effect/platform@0.94.1(effect@3.19.14))(effect@3.19.14)(ioredis@5.6.1))(@effect/platform@0.94.1(effect@3.19.14))(effect@3.19.14))(effect@3.19.14)
      '@effect/workflow':
        specifier: 0.16.0
        version: 0.16.0(@effect/experimental@0.58.0(@effect/platform@0.94.1(effect@3.19.14))(effect@3.19.14)(ioredis@5.6.1))(@effect/platform@0.94.1(effect@3.19.14))(@effect/rpc@0.73.0(@effect/platform@0.94.1(effect@3.19.14))(effect@3.19.14))(effect@3.19.14)
      '@mariozechner/pi-tui':
        specifier: 0.45.7
        version: 0.45.7
      '@overeng/genie':
        specifier: link:../packages/@overeng/genie
        version: link:../packages/@overeng/genie
      '@overeng/mono':
        specifier: link:../packages/@overeng/mono
        version: link:../packages/@overeng/mono
      '@overeng/utils':
        specifier: link:../packages/@overeng/utils
        version: link:../packages/@overeng/utils
      effect:
        specifier: 3.19.14
        version: 3.19.14
    devDependencies:
      '@types/bun':
        specifier: 1.3.5
        version: 1.3.5
      '@types/node':
        specifier: 25.0.3
        version: 25.0.3
      typescript:
        specifier: 5.9.3
        version: 5.9.3

packages:

  '@effect/cli@0.73.0':
    resolution: {integrity: sha512-KkRtFjfyG52kQ6Z3ZEjwytfKZQACsLzn/RI2jKKxMJDebY9BQganOiE3VGCT4slU3Zisur6SP//ghM0vCLQs4g==}
    peerDependencies:
      '@effect/platform': ^0.94.0
      '@effect/printer': ^0.47.0
      '@effect/printer-ansi': ^0.47.0
      effect: ^3.19.13

  '@effect/cluster@0.56.1':
    resolution: {integrity: sha512-gnrsH6kfrUjn+82j/bw1IR4yFqJqV8tc7xZvrbJPRgzANycc6K1hu3LMg548uYbUkTzD8YYyqrSatMO1mkQpzw==}
    peerDependencies:
      '@effect/platform': ^0.94.1
      '@effect/rpc': ^0.73.0
      '@effect/sql': ^0.49.0
      '@effect/workflow': ^0.16.0
      effect: ^3.19.14

  '@effect/experimental@0.58.0':
    resolution: {integrity: sha512-IEP9sapjF6rFy5TkoqDPc86st/fnqUfjT7Xa3pWJrFGr1hzaMXHo+mWsYOZS9LAOVKnpHuVziDK97EP5qsCHVA==}
    peerDependencies:
      '@effect/platform': ^0.94.0
      effect: ^3.19.13
      ioredis: ^5
      lmdb: ^3
    peerDependenciesMeta:
      ioredis:
        optional: true
      lmdb:
        optional: true

  '@effect/platform-node-shared@0.57.0':
    resolution: {integrity: sha512-QXuvmLNlABCQLcTl+lN1YPhKosR6KqArPYjC2reU0fb5lroCo3YRb/aGpXIgLthHzQL8cLU5XMGA3Cu5hKY2Tw==}
    peerDependencies:
      '@effect/cluster': ^0.56.0
      '@effect/platform': ^0.94.0
      '@effect/rpc': ^0.73.0
      '@effect/sql': ^0.49.0
      effect: ^3.19.13

  '@effect/platform-node@0.104.0':
    resolution: {integrity: sha512-2ZkUDDTxLD95ARdYIKBx4tdIIgqA3cwb3jlnVVBxmHUf0Pg5N2HdMuD0Q+CXQ7Q94FDwnLW3ZvaSfxDh6FvrNw==}
    peerDependencies:
      '@effect/cluster': ^0.56.0
      '@effect/platform': ^0.94.0
      '@effect/rpc': ^0.73.0
      '@effect/sql': ^0.49.0
      effect: ^3.19.13

  '@effect/platform@0.94.1':
    resolution: {integrity: sha512-SlL8OMTogHmMNnFLnPAHHo3ua1yrB1LNQOVQMiZsqYu9g3216xjr0gn5WoDgCxUyOdZcseegMjWJ7dhm/2vnfg==}
    peerDependencies:
      effect: ^3.19.14

  '@effect/printer-ansi@0.47.0':
    resolution: {integrity: sha512-tDEQ9XJpXDNYoWMQJHFRMxKGmEOu6z32x3Kb8YLOV5nkauEKnKmWNs7NBp8iio/pqoJbaSwqDwUg9jXVquxfWQ==}
    peerDependencies:
      '@effect/typeclass': ^0.38.0
      effect: ^3.19.0

  '@effect/printer@0.47.0':
    resolution: {integrity: sha512-VgR8e+YWWhMEAh9qFOjwiZ3OXluAbcVLIOtvp2S5di1nSrPOZxj78g8LE77JSvyfp5y5bS2gmFW+G7xD5uU+2Q==}
    peerDependencies:
      '@effect/typeclass': ^0.38.0
      effect: ^3.19.0

  '@effect/rpc@0.73.0':
    resolution: {integrity: sha512-iMPf6tTriz8sK0l5x4koFId8Hz5nFptHYg8WqyjHGIIVLTpZxuiSqhmXZG7FnAs5N2n6uCEws4wWGcIgXNUrFg==}
    peerDependencies:
      '@effect/platform': ^0.94.0
      effect: ^3.19.13

  '@effect/sql@0.49.0':
    resolution: {integrity: sha512-9UEKR+z+MrI/qMAmSvb/RiD9KlgIazjZUCDSpwNgm0lEK9/Q6ExEyfziiYFVCPiptp52cBw8uBHRic8hHnwqXA==}
    peerDependencies:
      '@effect/experimental': ^0.58.0
      '@effect/platform': ^0.94.0
      effect: ^3.19.13

  '@effect/typeclass@0.38.0':
    resolution: {integrity: sha512-lMUcJTRtG8KXhXoczapZDxbLK5os7M6rn0zkvOgncJW++A0UyelZfMVMKdT5R+fgpZcsAU/1diaqw3uqLJwGxA==}
    peerDependencies:
      effect: ^3.19.0

  '@effect/workflow@0.16.0':
    resolution: {integrity: sha512-MiAdlxx3TixkgHdbw+Yf1Z3tHAAE0rOQga12kIydJqj05Fnod+W/I+kQGRMY/XWRg+QUsVxhmh1qTr7Ype6lrw==}
    peerDependencies:
      '@effect/experimental': ^0.58.0
      '@effect/platform': ^0.94.0
      '@effect/rpc': ^0.73.0
      effect: ^3.19.13

  '@ioredis/commands@1.5.0':
    resolution: {integrity: sha512-eUgLqrMf8nJkZxT24JvVRrQya1vZkQh8BBeYNwGDqa5I0VUi8ACx7uFvAaLxintokpTenkK6DASvo/bvNbBGow==}

  '@mariozechner/pi-tui@0.45.7':
    resolution: {integrity: sha512-c4pMvyuC28PfpAYCsO01E651r+SAiNg216plmc0ej5qnizQm2x7X14C3UfxMfmWAMJ+U9Y0O7PucPdmXeHbjnw==}
    engines: {node: '>=20.0.0'}

  '@msgpackr-extract/msgpackr-extract-darwin-arm64@3.0.3':
    resolution: {integrity: sha512-QZHtlVgbAdy2zAqNA9Gu1UpIuI8Xvsd1v8ic6B2pZmeFnFcMWiPLfWXh7TVw4eGEZ/C9TH281KwhVoeQUKbyjw==}
    cpu: [arm64]
    os: [darwin]

  '@msgpackr-extract/msgpackr-extract-darwin-x64@3.0.3':
    resolution: {integrity: sha512-mdzd3AVzYKuUmiWOQ8GNhl64/IoFGol569zNRdkLReh6LRLHOXxU4U8eq0JwaD8iFHdVGqSy4IjFL4reoWCDFw==}
    cpu: [x64]
    os: [darwin]

  '@msgpackr-extract/msgpackr-extract-linux-arm64@3.0.3':
    resolution: {integrity: sha512-YxQL+ax0XqBJDZiKimS2XQaf+2wDGVa1enVRGzEvLLVFeqa5kx2bWbtcSXgsxjQB7nRqqIGFIcLteF/sHeVtQg==}
    cpu: [arm64]
    os: [linux]

  '@msgpackr-extract/msgpackr-extract-linux-arm@3.0.3':
    resolution: {integrity: sha512-fg0uy/dG/nZEXfYilKoRe7yALaNmHoYeIoJuJ7KJ+YyU2bvY8vPv27f7UKhGRpY6euFYqEVhxCFZgAUNQBM3nw==}
    cpu: [arm]
    os: [linux]

  '@msgpackr-extract/msgpackr-extract-linux-x64@3.0.3':
    resolution: {integrity: sha512-cvwNfbP07pKUfq1uH+S6KJ7dT9K8WOE4ZiAcsrSes+UY55E/0jLYc+vq+DO7jlmqRb5zAggExKm0H7O/CBaesg==}
    cpu: [x64]
    os: [linux]

  '@msgpackr-extract/msgpackr-extract-win32-x64@3.0.3':
    resolution: {integrity: sha512-x0fWaQtYp4E6sktbsdAqnehxDgEc/VwM7uLsRCYWaiGu0ykYdZPiS8zCWdnjHwyiumousxfBm4SO31eXqwEZhQ==}
    cpu: [x64]
    os: [win32]

  '@parcel/watcher-android-arm64@2.5.4':
    resolution: {integrity: sha512-hoh0vx4v+b3BNI7Cjoy2/B0ARqcwVNrzN/n7DLq9ZB4I3lrsvhrkCViJyfTj/Qi5xM9YFiH4AmHGK6pgH1ss7g==}
    engines: {node: '>= 10.0.0'}
    cpu: [arm64]
    os: [android]

  '@parcel/watcher-darwin-arm64@2.5.4':
    resolution: {integrity: sha512-kphKy377pZiWpAOyTgQYPE5/XEKVMaj6VUjKT5VkNyUJlr2qZAn8gIc7CPzx+kbhvqHDT9d7EqdOqRXT6vk0zw==}
    engines: {node: '>= 10.0.0'}
    cpu: [arm64]
    os: [darwin]

  '@parcel/watcher-darwin-x64@2.5.4':
    resolution: {integrity: sha512-UKaQFhCtNJW1A9YyVz3Ju7ydf6QgrpNQfRZ35wNKUhTQ3dxJ/3MULXN5JN/0Z80V/KUBDGa3RZaKq1EQT2a2gg==}
    engines: {node: '>= 10.0.0'}
    cpu: [x64]
    os: [darwin]

  '@parcel/watcher-freebsd-x64@2.5.4':
    resolution: {integrity: sha512-Dib0Wv3Ow/m2/ttvLdeI2DBXloO7t3Z0oCp4bAb2aqyqOjKPPGrg10pMJJAQ7tt8P4V2rwYwywkDhUia/FgS+Q==}
    engines: {node: '>= 10.0.0'}
    cpu: [x64]
    os: [freebsd]

  '@parcel/watcher-linux-arm-glibc@2.5.4':
    resolution: {integrity: sha512-I5Vb769pdf7Q7Sf4KNy8Pogl/URRCKu9ImMmnVKYayhynuyGYMzuI4UOWnegQNa2sGpsPSbzDsqbHNMyeyPCgw==}
    engines: {node: '>= 10.0.0'}
    cpu: [arm]
    os: [linux]

  '@parcel/watcher-linux-arm-musl@2.5.4':
    resolution: {integrity: sha512-kGO8RPvVrcAotV4QcWh8kZuHr9bXi9a3bSZw7kFarYR0+fGliU7hd/zevhjw8fnvIKG3J9EO5G6sXNGCSNMYPQ==}
    engines: {node: '>= 10.0.0'}
    cpu: [arm]
    os: [linux]

  '@parcel/watcher-linux-arm64-glibc@2.5.4':
    resolution: {integrity: sha512-KU75aooXhqGFY2W5/p8DYYHt4hrjHZod8AhcGAmhzPn/etTa+lYCDB2b1sJy3sWJ8ahFVTdy+EbqSBvMx3iFlw==}
    engines: {node: '>= 10.0.0'}
    cpu: [arm64]
    os: [linux]

  '@parcel/watcher-linux-arm64-musl@2.5.4':
    resolution: {integrity: sha512-Qx8uNiIekVutnzbVdrgSanM+cbpDD3boB1f8vMtnuG5Zau4/bdDbXyKwIn0ToqFhIuob73bcxV9NwRm04/hzHQ==}
    engines: {node: '>= 10.0.0'}
    cpu: [arm64]
    os: [linux]

  '@parcel/watcher-linux-x64-glibc@2.5.4':
    resolution: {integrity: sha512-UYBQvhYmgAv61LNUn24qGQdjtycFBKSK3EXr72DbJqX9aaLbtCOO8+1SkKhD/GNiJ97ExgcHBrukcYhVjrnogA==}
    engines: {node: '>= 10.0.0'}
    cpu: [x64]
    os: [linux]

  '@parcel/watcher-linux-x64-musl@2.5.4':
    resolution: {integrity: sha512-YoRWCVgxv8akZrMhdyVi6/TyoeeMkQ0PGGOf2E4omODrvd1wxniXP+DBynKoHryStks7l+fDAMUBRzqNHrVOpg==}
    engines: {node: '>= 10.0.0'}
    cpu: [x64]
    os: [linux]

  '@parcel/watcher-win32-arm64@2.5.4':
    resolution: {integrity: sha512-iby+D/YNXWkiQNYcIhg8P5hSjzXEHaQrk2SLrWOUD7VeC4Ohu0WQvmV+HDJokZVJ2UjJ4AGXW3bx7Lls9Ln4TQ==}
    engines: {node: '>= 10.0.0'}
    cpu: [arm64]
    os: [win32]

  '@parcel/watcher-win32-ia32@2.5.4':
    resolution: {integrity: sha512-vQN+KIReG0a2ZDpVv8cgddlf67J8hk1WfZMMP7sMeZmJRSmEax5xNDNWKdgqSe2brOKTQQAs3aCCUal2qBHAyg==}
    engines: {node: '>= 10.0.0'}
    cpu: [ia32]
    os: [win32]

  '@parcel/watcher-win32-x64@2.5.4':
    resolution: {integrity: sha512-3A6efb6BOKwyw7yk9ro2vus2YTt2nvcd56AuzxdMiVOxL9umDyN5PKkKfZ/gZ9row41SjVmTVQNWQhaRRGpOKw==}
    engines: {node: '>= 10.0.0'}
    cpu: [x64]
    os: [win32]

  '@parcel/watcher@2.5.4':
    resolution: {integrity: sha512-WYa2tUVV5HiArWPB3ydlOc4R2ivq0IDrlqhMi3l7mVsFEXNcTfxYFPIHXHXIh/ca/y/V5N4E1zecyxdIBjYnkQ==}
    engines: {node: '>= 10.0.0'}

  '@standard-schema/spec@1.1.0':
    resolution: {integrity: sha512-l2aFy5jALhniG5HgqrD6jXLi/rUWrKvqN/qJx6yoJsgKhblVd+iqqU4RCXavm/jPityDo5TCvKMnpjKnOriy0w==}

  '@types/bun@1.3.5':
    resolution: {integrity: sha512-RnygCqNrd3srIPEWBd5LFeUYG7plCoH2Yw9WaZGyNmdTEei+gWaHqydbaIRkIkcbXwhBT94q78QljxN0Sk838w==}

  '@types/mime-types@2.1.4':
    resolution: {integrity: sha512-lfU4b34HOri+kAY5UheuFMWPDOI+OPceBSHZKp69gEyTL/mmJ4cnU6Y/rlme3UL3GyOn6Y42hyIEw0/q8sWx5w==}

  '@types/node@25.0.3':
    resolution: {integrity: sha512-W609buLVRVmeW693xKfzHeIV6nJGGz98uCPfeXI1ELMLXVeKYZ9m15fAMSaUPBHYLGFsVRcMmSCksQOrZV9BYA==}

  bun-types@1.3.5:
    resolution: {integrity: sha512-inmAYe2PFLs0SUbFOWSVD24sg1jFlMPxOjOSSCYqUgn4Hsc3rDc7dFvfVYjFPNHtov6kgUeulV4SxbuIV/stPw==}

  chalk@5.6.2:
    resolution: {integrity: sha512-7NzBL0rN6fMUW+f7A6Io4h40qQlG+xGmtMxfbnH/K7TAtt8JQWVQK+6g0UXKMeVJoyV5EkkNsErQ8pVD3bLHbA==}
    engines: {node: ^12.17.0 || ^14.13 || >=16.0.0}

  cluster-key-slot@1.1.2:
    resolution: {integrity: sha512-RMr0FhtfXemyinomL4hrWcYJxmX6deFdCxpJzhDttxgO1+bcCnkk+9drydLVDmAMG7NE6aN/fl4F7ucU/90gAA==}
    engines: {node: '>=0.10.0'}

  debug@4.4.3:
    resolution: {integrity: sha512-RGwwWnwQvkVfavKVt22FGLw+xYSdzARwm0ru6DhTVA3umU5hZc28V3kO4stgYryrTlLpuvgI9GiijltAjNbcqA==}
    engines: {node: '>=6.0'}
    peerDependencies:
      supports-color: '*'
    peerDependenciesMeta:
      supports-color:
        optional: true

  denque@2.1.0:
    resolution: {integrity: sha512-HVQE3AAb/pxF8fQAoiqpvg9i3evqug3hoiwakOyZAwJm+6vZehbkYXZ0l4JxS+I3QxM97v5aaRNhj8v5oBhekw==}
    engines: {node: '>=0.10'}

  detect-libc@2.1.2:
    resolution: {integrity: sha512-Btj2BOOO83o3WyH59e8MgXsxEQVcarkUOpEYrubB0urwnN10yQ364rsiByU11nZlqWYZm05i/of7io4mzihBtQ==}
    engines: {node: '>=8'}

  effect@3.19.14:
    resolution: {integrity: sha512-3vwdq0zlvQOxXzXNKRIPKTqZNMyGCdaFUBfMPqpsyzZDre67kgC1EEHDV4EoQTovJ4w5fmJW756f86kkuz7WFA==}

  fast-check@3.23.2:
    resolution: {integrity: sha512-h5+1OzzfCC3Ef7VbtKdcv7zsstUQwUDlYpUTvjeUsJAssPgLn7QzbboPtL5ro04Mq0rPOsMzl7q5hIbRs2wD1A==}
    engines: {node: '>=8.0.0'}

  find-my-way-ts@0.1.6:
    resolution: {integrity: sha512-a85L9ZoXtNAey3Y6Z+eBWW658kO/MwR7zIafkIUPUMf3isZG0NCs2pjW2wtjxAKuJPxMAsHUIP4ZPGv0o5gyTA==}

  get-east-asian-width@1.4.0:
    resolution: {integrity: sha512-QZjmEOC+IT1uk6Rx0sX22V6uHWVwbdbxf1faPqJ1QhLdGgsRGCZoyaQBm/piRdJy/D2um6hM1UP7ZEeQ4EkP+Q==}
    engines: {node: '>=18'}

  ini@4.1.3:
    resolution: {integrity: sha512-X7rqawQBvfdjS10YU1y1YVreA3SsLrW9dX2CewP2EbBJM4ypVNLDkO5y04gejPwKIY9lR+7r9gn3rFPt/kmWFg==}
    engines: {node: ^14.17.0 || ^16.13.0 || >=18.0.0}

  ioredis@5.6.1:
    resolution: {integrity: sha512-UxC0Yv1Y4WRJiGQxQkP0hfdL0/5/6YvdfOOClRgJ0qppSarkhneSa6UvkMkms0AkdGimSH3Ikqm+6mkMmX7vGA==}
    engines: {node: '>=12.22.0'}

  is-extglob@2.1.1:
    resolution: {integrity: sha512-SbKbANkN603Vi4jEZv49LeVJMn4yGwsbzZworEoyEiutsN3nJYdbO36zfhGJ6QEDpOZIFkDtnq5JRxmvl3jsoQ==}
    engines: {node: '>=0.10.0'}

  is-glob@4.0.3:
    resolution: {integrity: sha512-xelSayHH36ZgE7ZWhli7pW34hNbNl8Ojv5KVmkJD4hBdD3th8Tfk9vYasLM+mXWOZhFkgZfxhLSnrwRr4elSSg==}
    engines: {node: '>=0.10.0'}

  kubernetes-types@1.30.0:
    resolution: {integrity: sha512-Dew1okvhM/SQcIa2rcgujNndZwU8VnSapDgdxlYoB84ZlpAD43U6KLAFqYo17ykSFGHNPrg0qry0bP+GJd9v7Q==}

  lodash.defaults@4.2.0:
    resolution: {integrity: sha512-qjxPLHd3r5DnsdGacqOMU6pb/avJzdh9tFX2ymgoZE27BmjXrNy/y4LoaiTeAb+O3gL8AfpJGtqfX/ae2leYYQ==}

  lodash.isarguments@3.1.0:
    resolution: {integrity: sha512-chi4NHZlZqZD18a0imDHnZPrDeBbTtVN7GXMwuGdRH9qotxAjYs3aVLKc7zNOG9eddR5Ksd8rvFEBc9SsggPpg==}

  marked@15.0.12:
    resolution: {integrity: sha512-8dD6FusOQSrpv9Z1rdNMdlSgQOIP880DHqnohobOmYLElGEqAL/JvxvuxZO16r4HtjTlfPRDC1hbvxC9dPN2nA==}
    engines: {node: '>= 18'}
    hasBin: true

  mime-db@1.54.0:
    resolution: {integrity: sha512-aU5EJuIN2WDemCcAp2vFBfp/m4EAhWJnUNSSw0ixs7/kXbd6Pg64EmwJkNdFhB8aWt1sH2CTXrLxo/iAGV3oPQ==}
    engines: {node: '>= 0.6'}

  mime-types@3.0.2:
    resolution: {integrity: sha512-Lbgzdk0h4juoQ9fCKXW4by0UJqj+nOOrI9MJ1sSj4nI8aI2eo1qmvQEie4VD1glsS250n15LsWsYtCugiStS5A==}
    engines: {node: '>=18'}

  mime@3.0.0:
    resolution: {integrity: sha512-jSCU7/VB1loIWBZe14aEYHU/+1UMEHoaO7qxCOVJOw9GgH72VAWppxNcjU+x9a2k3GSIBXNKxXQFqRvvZ7vr3A==}
    engines: {node: '>=10.0.0'}
    hasBin: true

  ms@2.1.3:
    resolution: {integrity: sha512-6FlzubTLZG3J2a/NVCAleEhjzq5oxgHyaCU9yYXvcLsvoVaHJq/s5xXI6/XXP6tz7R9xAOtHnSO/tXtF3WRTlA==}

  msgpackr-extract@3.0.3:
    resolution: {integrity: sha512-P0efT1C9jIdVRefqjzOQ9Xml57zpOXnIuS+csaB4MdZbTdmGDLo8XhzBG1N7aO11gKDDkJvBLULeFTo46wwreA==}
    hasBin: true

  msgpackr@1.11.8:
    resolution: {integrity: sha512-bC4UGzHhVvgDNS7kn9tV8fAucIYUBuGojcaLiz7v+P63Lmtm0Xeji8B/8tYKddALXxJLpwIeBmUN3u64C4YkRA==}

  multipasta@0.2.7:
    resolution: {integrity: sha512-KPA58d68KgGil15oDqXjkUBEBYc00XvbPj5/X+dyzeo/lWm9Nc25pQRlf1D+gv4OpK7NM0J1odrbu9JNNGvynA==}

  node-addon-api@7.1.1:
    resolution: {integrity: sha512-5m3bsyrjFWE1xf7nz7YXdN4udnVtXK6/Yfgn5qnahL6bCkf2yKt4k3nuTKAtT4r3IG8JNR2ncsIMdZuAzJjHQQ==}

  node-gyp-build-optional-packages@5.2.2:
    resolution: {integrity: sha512-s+w+rBWnpTMwSFbaE0UXsRlg7hU4FjekKU4eyAih5T8nJuNZT1nNsskXpxmeqSK9UzkBl6UgRlnKc8hz8IEqOw==}
    hasBin: true

  picomatch@4.0.3:
    resolution: {integrity: sha512-5gTmgEY/sqK6gFXLIsQNH19lWb4ebPDLA4SdLP7dsWkIXHWlG66oPuVvXSGFPppYZz8ZDZq0dYYrbHfBCVUb1Q==}
    engines: {node: '>=12'}

  pure-rand@6.1.0:
    resolution: {integrity: sha512-bVWawvoZoBYpp6yIoQtQXHZjmz35RSVHnUOTefl8Vcjr8snTPY1wnpSPMWekcFwbxI6gtmT7rSYPFvz71ldiOA==}

  redis-errors@1.2.0:
    resolution: {integrity: sha512-1qny3OExCf0UvUV/5wpYKf2YwPcOqXzkwKKSmKHiE6ZMQs5heeE/c8eXK+PNllPvmjgAbfnsbpkGZWy8cBpn9w==}
    engines: {node: '>=4'}

  redis-parser@3.0.0:
    resolution: {integrity: sha512-DJnGAeenTdpMEH6uAJRK/uiyEIH9WVsUmoLwzudwGJUwZPp80PDBWPHXSAGNPwNvIXAbe7MSUB1zQFugFml66A==}
    engines: {node: '>=4'}

  standard-as-callback@2.1.0:
    resolution: {integrity: sha512-qoRRSyROncaz1z0mvYqIE4lCd9p2R90i6GxW3uZv5ucSu8tU7B5HXUP1gG8pVZsYNVaXjk8ClXHPttLyxAL48A==}

  toml@3.0.0:
    resolution: {integrity: sha512-y/mWCZinnvxjTKYhJ+pYxwD0mRLVvOtdS2Awbgxln6iEnt4rk0yBxeSBHkGJcPucRiG0e55mwWp+g/05rsrd6w==}

  typescript@5.9.3:
    resolution: {integrity: sha512-jl1vZzPDinLr9eUt3J/t7V6FgNEw9QjvBPdysz9KfQDD41fQrC2Y4vKQdiaUpFT4bXlb1RHhLpp8wtm6M5TgSw==}
    engines: {node: '>=14.17'}
    hasBin: true

  undici-types@7.16.0:
    resolution: {integrity: sha512-Zz+aZWSj8LE6zoxD+xrjh4VfkIG8Ya6LvYkZqtUQGJPZjYl53ypCaUwWqo7eI0x66KBGeRo+mlBEkMSeSZ38Nw==}

  undici@7.19.0:
    resolution: {integrity: sha512-Heho1hJD81YChi+uS2RkSjcVO+EQLmLSyUlHyp7Y/wFbxQaGb4WXVKD073JytrjXJVkSZVzoE2MCSOKugFGtOQ==}
    engines: {node: '>=20.18.1'}

  uuid@11.1.0:
    resolution: {integrity: sha512-0/A9rDy9P7cJ+8w1c9WD9V//9Wj15Ce2MPz8Ri6032usz+NfePxx5AcN3bN+r6ZL6jEo066/yNYB3tn4pQEx+A==}
    hasBin: true

  ws@8.19.0:
    resolution: {integrity: sha512-blAT2mjOEIi0ZzruJfIhb3nps74PRWTCz1IjglWEEpQl5XS/UNama6u2/rjFkDDouqr4L67ry+1aGIALViWjDg==}
    engines: {node: '>=10.0.0'}
    peerDependencies:
      bufferutil: ^4.0.1
      utf-8-validate: '>=5.0.2'
    peerDependenciesMeta:
      bufferutil:
        optional: true
      utf-8-validate:
        optional: true

  yaml@2.8.2:
    resolution: {integrity: sha512-mplynKqc1C2hTVYxd0PU2xQAc22TI1vShAYGksCCfxbn/dFwnHTNi1bvYsBTkhdUNtGIf5xNOg938rrSSYvS9A==}
    engines: {node: '>= 14.6'}
    hasBin: true

snapshots:

  '@effect/cli@0.73.0(@effect/platform@0.94.1(effect@3.19.14))(@effect/printer-ansi@0.47.0(@effect/typeclass@0.38.0(effect@3.19.14))(effect@3.19.14))(@effect/printer@0.47.0(@effect/typeclass@0.38.0(effect@3.19.14))(effect@3.19.14))(effect@3.19.14)':
    dependencies:
      '@effect/platform': 0.94.1(effect@3.19.14)
      '@effect/printer': 0.47.0(@effect/typeclass@0.38.0(effect@3.19.14))(effect@3.19.14)
      '@effect/printer-ansi': 0.47.0(@effect/typeclass@0.38.0(effect@3.19.14))(effect@3.19.14)
      effect: 3.19.14
      ini: 4.1.3
      toml: 3.0.0
      yaml: 2.8.2

  '@effect/cluster@0.56.1(@effect/platform@0.94.1(effect@3.19.14))(@effect/rpc@0.73.0(@effect/platform@0.94.1(effect@3.19.14))(effect@3.19.14))(@effect/sql@0.49.0(@effect/experimental@0.58.0(@effect/platform@0.94.1(effect@3.19.14))(effect@3.19.14)(ioredis@5.6.1))(@effect/platform@0.94.1(effect@3.19.14))(effect@3.19.14))(@effect/workflow@0.16.0(@effect/experimental@0.58.0(@effect/platform@0.94.1(effect@3.19.14))(effect@3.19.14)(ioredis@5.6.1))(@effect/platform@0.94.1(effect@3.19.14))(@effect/rpc@0.73.0(@effect/platform@0.94.1(effect@3.19.14))(effect@3.19.14))(effect@3.19.14))(effect@3.19.14)':
    dependencies:
      '@effect/platform': 0.94.1(effect@3.19.14)
      '@effect/rpc': 0.73.0(@effect/platform@0.94.1(effect@3.19.14))(effect@3.19.14)
      '@effect/sql': 0.49.0(@effect/experimental@0.58.0(@effect/platform@0.94.1(effect@3.19.14))(effect@3.19.14)(ioredis@5.6.1))(@effect/platform@0.94.1(effect@3.19.14))(effect@3.19.14)
      '@effect/workflow': 0.16.0(@effect/experimental@0.58.0(@effect/platform@0.94.1(effect@3.19.14))(effect@3.19.14)(ioredis@5.6.1))(@effect/platform@0.94.1(effect@3.19.14))(@effect/rpc@0.73.0(@effect/platform@0.94.1(effect@3.19.14))(effect@3.19.14))(effect@3.19.14)
      effect: 3.19.14
      kubernetes-types: 1.30.0

  '@effect/experimental@0.58.0(@effect/platform@0.94.1(effect@3.19.14))(effect@3.19.14)(ioredis@5.6.1)':
    dependencies:
      '@effect/platform': 0.94.1(effect@3.19.14)
      effect: 3.19.14
      uuid: 11.1.0
    optionalDependencies:
      ioredis: 5.6.1

  '@effect/platform-node-shared@0.57.0(@effect/cluster@0.56.1(@effect/platform@0.94.1(effect@3.19.14))(@effect/rpc@0.73.0(@effect/platform@0.94.1(effect@3.19.14))(effect@3.19.14))(@effect/sql@0.49.0(@effect/experimental@0.58.0(@effect/platform@0.94.1(effect@3.19.14))(effect@3.19.14)(ioredis@5.6.1))(@effect/platform@0.94.1(effect@3.19.14))(effect@3.19.14))(@effect/workflow@0.16.0(@effect/experimental@0.58.0(@effect/platform@0.94.1(effect@3.19.14))(effect@3.19.14)(ioredis@5.6.1))(@effect/platform@0.94.1(effect@3.19.14))(@effect/rpc@0.73.0(@effect/platform@0.94.1(effect@3.19.14))(effect@3.19.14))(effect@3.19.14))(effect@3.19.14))(@effect/platform@0.94.1(effect@3.19.14))(@effect/rpc@0.73.0(@effect/platform@0.94.1(effect@3.19.14))(effect@3.19.14))(@effect/sql@0.49.0(@effect/experimental@0.58.0(@effect/platform@0.94.1(effect@3.19.14))(effect@3.19.14)(ioredis@5.6.1))(@effect/platform@0.94.1(effect@3.19.14))(effect@3.19.14))(effect@3.19.14)':
    dependencies:
      '@effect/cluster': 0.56.1(@effect/platform@0.94.1(effect@3.19.14))(@effect/rpc@0.73.0(@effect/platform@0.94.1(effect@3.19.14))(effect@3.19.14))(@effect/sql@0.49.0(@effect/experimental@0.58.0(@effect/platform@0.94.1(effect@3.19.14))(effect@3.19.14)(ioredis@5.6.1))(@effect/platform@0.94.1(effect@3.19.14))(effect@3.19.14))(@effect/workflow@0.16.0(@effect/experimental@0.58.0(@effect/platform@0.94.1(effect@3.19.14))(effect@3.19.14)(ioredis@5.6.1))(@effect/platform@0.94.1(effect@3.19.14))(@effect/rpc@0.73.0(@effect/platform@0.94.1(effect@3.19.14))(effect@3.19.14))(effect@3.19.14))(effect@3.19.14)
      '@effect/platform': 0.94.1(effect@3.19.14)
      '@effect/rpc': 0.73.0(@effect/platform@0.94.1(effect@3.19.14))(effect@3.19.14)
      '@effect/sql': 0.49.0(@effect/experimental@0.58.0(@effect/platform@0.94.1(effect@3.19.14))(effect@3.19.14)(ioredis@5.6.1))(@effect/platform@0.94.1(effect@3.19.14))(effect@3.19.14)
      '@parcel/watcher': 2.5.4
      effect: 3.19.14
      multipasta: 0.2.7
      ws: 8.19.0
    transitivePeerDependencies:
      - bufferutil
      - utf-8-validate

  '@effect/platform-node@0.104.0(@effect/cluster@0.56.1(@effect/platform@0.94.1(effect@3.19.14))(@effect/rpc@0.73.0(@effect/platform@0.94.1(effect@3.19.14))(effect@3.19.14))(@effect/sql@0.49.0(@effect/experimental@0.58.0(@effect/platform@0.94.1(effect@3.19.14))(effect@3.19.14)(ioredis@5.6.1))(@effect/platform@0.94.1(effect@3.19.14))(effect@3.19.14))(@effect/workflow@0.16.0(@effect/experimental@0.58.0(@effect/platform@0.94.1(effect@3.19.14))(effect@3.19.14)(ioredis@5.6.1))(@effect/platform@0.94.1(effect@3.19.14))(@effect/rpc@0.73.0(@effect/platform@0.94.1(effect@3.19.14))(effect@3.19.14))(effect@3.19.14))(effect@3.19.14))(@effect/platform@0.94.1(effect@3.19.14))(@effect/rpc@0.73.0(@effect/platform@0.94.1(effect@3.19.14))(effect@3.19.14))(@effect/sql@0.49.0(@effect/experimental@0.58.0(@effect/platform@0.94.1(effect@3.19.14))(effect@3.19.14)(ioredis@5.6.1))(@effect/platform@0.94.1(effect@3.19.14))(effect@3.19.14))(effect@3.19.14)':
    dependencies:
      '@effect/cluster': 0.56.1(@effect/platform@0.94.1(effect@3.19.14))(@effect/rpc@0.73.0(@effect/platform@0.94.1(effect@3.19.14))(effect@3.19.14))(@effect/sql@0.49.0(@effect/experimental@0.58.0(@effect/platform@0.94.1(effect@3.19.14))(effect@3.19.14)(ioredis@5.6.1))(@effect/platform@0.94.1(effect@3.19.14))(effect@3.19.14))(@effect/workflow@0.16.0(@effect/experimental@0.58.0(@effect/platform@0.94.1(effect@3.19.14))(effect@3.19.14)(ioredis@5.6.1))(@effect/platform@0.94.1(effect@3.19.14))(@effect/rpc@0.73.0(@effect/platform@0.94.1(effect@3.19.14))(effect@3.19.14))(effect@3.19.14))(effect@3.19.14)
      '@effect/platform': 0.94.1(effect@3.19.14)
      '@effect/platform-node-shared': 0.57.0(@effect/cluster@0.56.1(@effect/platform@0.94.1(effect@3.19.14))(@effect/rpc@0.73.0(@effect/platform@0.94.1(effect@3.19.14))(effect@3.19.14))(@effect/sql@0.49.0(@effect/experimental@0.58.0(@effect/platform@0.94.1(effect@3.19.14))(effect@3.19.14)(ioredis@5.6.1))(@effect/platform@0.94.1(effect@3.19.14))(effect@3.19.14))(@effect/workflow@0.16.0(@effect/experimental@0.58.0(@effect/platform@0.94.1(effect@3.19.14))(effect@3.19.14)(ioredis@5.6.1))(@effect/platform@0.94.1(effect@3.19.14))(@effect/rpc@0.73.0(@effect/platform@0.94.1(effect@3.19.14))(effect@3.19.14))(effect@3.19.14))(effect@3.19.14))(@effect/platform@0.94.1(effect@3.19.14))(@effect/rpc@0.73.0(@effect/platform@0.94.1(effect@3.19.14))(effect@3.19.14))(@effect/sql@0.49.0(@effect/experimental@0.58.0(@effect/platform@0.94.1(effect@3.19.14))(effect@3.19.14)(ioredis@5.6.1))(@effect/platform@0.94.1(effect@3.19.14))(effect@3.19.14))(effect@3.19.14)
      '@effect/rpc': 0.73.0(@effect/platform@0.94.1(effect@3.19.14))(effect@3.19.14)
      '@effect/sql': 0.49.0(@effect/experimental@0.58.0(@effect/platform@0.94.1(effect@3.19.14))(effect@3.19.14)(ioredis@5.6.1))(@effect/platform@0.94.1(effect@3.19.14))(effect@3.19.14)
      effect: 3.19.14
      mime: 3.0.0
      undici: 7.19.0
      ws: 8.19.0
    transitivePeerDependencies:
      - bufferutil
      - utf-8-validate

  '@effect/platform@0.94.1(effect@3.19.14)':
    dependencies:
      effect: 3.19.14
      find-my-way-ts: 0.1.6
      msgpackr: 1.11.8
      multipasta: 0.2.7

  '@effect/printer-ansi@0.47.0(@effect/typeclass@0.38.0(effect@3.19.14))(effect@3.19.14)':
    dependencies:
      '@effect/printer': 0.47.0(@effect/typeclass@0.38.0(effect@3.19.14))(effect@3.19.14)
      '@effect/typeclass': 0.38.0(effect@3.19.14)
      effect: 3.19.14

  '@effect/printer@0.47.0(@effect/typeclass@0.38.0(effect@3.19.14))(effect@3.19.14)':
    dependencies:
      '@effect/typeclass': 0.38.0(effect@3.19.14)
      effect: 3.19.14

  '@effect/rpc@0.73.0(@effect/platform@0.94.1(effect@3.19.14))(effect@3.19.14)':
    dependencies:
      '@effect/platform': 0.94.1(effect@3.19.14)
      effect: 3.19.14
      msgpackr: 1.11.8

  '@effect/sql@0.49.0(@effect/experimental@0.58.0(@effect/platform@0.94.1(effect@3.19.14))(effect@3.19.14)(ioredis@5.6.1))(@effect/platform@0.94.1(effect@3.19.14))(effect@3.19.14)':
    dependencies:
      '@effect/experimental': 0.58.0(@effect/platform@0.94.1(effect@3.19.14))(effect@3.19.14)(ioredis@5.6.1)
      '@effect/platform': 0.94.1(effect@3.19.14)
      effect: 3.19.14
      uuid: 11.1.0

  '@effect/typeclass@0.38.0(effect@3.19.14)':
    dependencies:
      effect: 3.19.14

  '@effect/workflow@0.16.0(@effect/experimental@0.58.0(@effect/platform@0.94.1(effect@3.19.14))(effect@3.19.14)(ioredis@5.6.1))(@effect/platform@0.94.1(effect@3.19.14))(@effect/rpc@0.73.0(@effect/platform@0.94.1(effect@3.19.14))(effect@3.19.14))(effect@3.19.14)':
    dependencies:
      '@effect/experimental': 0.58.0(@effect/platform@0.94.1(effect@3.19.14))(effect@3.19.14)(ioredis@5.6.1)
      '@effect/platform': 0.94.1(effect@3.19.14)
      '@effect/rpc': 0.73.0(@effect/platform@0.94.1(effect@3.19.14))(effect@3.19.14)
      effect: 3.19.14

  '@ioredis/commands@1.5.0':
    optional: true

  '@mariozechner/pi-tui@0.45.7':
    dependencies:
      '@types/mime-types': 2.1.4
      chalk: 5.6.2
      get-east-asian-width: 1.4.0
      marked: 15.0.12
      mime-types: 3.0.2

  '@msgpackr-extract/msgpackr-extract-darwin-arm64@3.0.3':
    optional: true

  '@msgpackr-extract/msgpackr-extract-darwin-x64@3.0.3':
    optional: true

  '@msgpackr-extract/msgpackr-extract-linux-arm64@3.0.3':
    optional: true

  '@msgpackr-extract/msgpackr-extract-linux-arm@3.0.3':
    optional: true

  '@msgpackr-extract/msgpackr-extract-linux-x64@3.0.3':
    optional: true

  '@msgpackr-extract/msgpackr-extract-win32-x64@3.0.3':
    optional: true

  '@parcel/watcher-android-arm64@2.5.4':
    optional: true

  '@parcel/watcher-darwin-arm64@2.5.4':
    optional: true

  '@parcel/watcher-darwin-x64@2.5.4':
    optional: true

  '@parcel/watcher-freebsd-x64@2.5.4':
    optional: true

  '@parcel/watcher-linux-arm-glibc@2.5.4':
    optional: true

  '@parcel/watcher-linux-arm-musl@2.5.4':
    optional: true

  '@parcel/watcher-linux-arm64-glibc@2.5.4':
    optional: true

  '@parcel/watcher-linux-arm64-musl@2.5.4':
    optional: true

  '@parcel/watcher-linux-x64-glibc@2.5.4':
    optional: true

  '@parcel/watcher-linux-x64-musl@2.5.4':
    optional: true

  '@parcel/watcher-win32-arm64@2.5.4':
    optional: true

  '@parcel/watcher-win32-ia32@2.5.4':
    optional: true

  '@parcel/watcher-win32-x64@2.5.4':
    optional: true

  '@parcel/watcher@2.5.4':
    dependencies:
      detect-libc: 2.1.2
      is-glob: 4.0.3
      node-addon-api: 7.1.1
      picomatch: 4.0.3
    optionalDependencies:
      '@parcel/watcher-android-arm64': 2.5.4
      '@parcel/watcher-darwin-arm64': 2.5.4
      '@parcel/watcher-darwin-x64': 2.5.4
      '@parcel/watcher-freebsd-x64': 2.5.4
      '@parcel/watcher-linux-arm-glibc': 2.5.4
      '@parcel/watcher-linux-arm-musl': 2.5.4
      '@parcel/watcher-linux-arm64-glibc': 2.5.4
      '@parcel/watcher-linux-arm64-musl': 2.5.4
      '@parcel/watcher-linux-x64-glibc': 2.5.4
      '@parcel/watcher-linux-x64-musl': 2.5.4
      '@parcel/watcher-win32-arm64': 2.5.4
      '@parcel/watcher-win32-ia32': 2.5.4
      '@parcel/watcher-win32-x64': 2.5.4

  '@standard-schema/spec@1.1.0': {}

  '@types/bun@1.3.5':
    dependencies:
      bun-types: 1.3.5

  '@types/mime-types@2.1.4': {}

  '@types/node@25.0.3':
    dependencies:
      undici-types: 7.16.0

  bun-types@1.3.5:
    dependencies:
      '@types/node': 25.0.3

  chalk@5.6.2: {}

  cluster-key-slot@1.1.2:
    optional: true

  debug@4.4.3:
    dependencies:
      ms: 2.1.3
    optional: true

  denque@2.1.0:
    optional: true

  detect-libc@2.1.2: {}

  effect@3.19.14:
    dependencies:
      '@standard-schema/spec': 1.1.0
      fast-check: 3.23.2

  fast-check@3.23.2:
    dependencies:
      pure-rand: 6.1.0

  find-my-way-ts@0.1.6: {}

  get-east-asian-width@1.4.0: {}

  ini@4.1.3: {}

  ioredis@5.6.1:
    dependencies:
      '@ioredis/commands': 1.5.0
      cluster-key-slot: 1.1.2
      debug: 4.4.3
      denque: 2.1.0
      lodash.defaults: 4.2.0
      lodash.isarguments: 3.1.0
      redis-errors: 1.2.0
      redis-parser: 3.0.0
      standard-as-callback: 2.1.0
    transitivePeerDependencies:
      - supports-color
    optional: true

  is-extglob@2.1.1: {}

  is-glob@4.0.3:
    dependencies:
      is-extglob: 2.1.1

  kubernetes-types@1.30.0: {}

  lodash.defaults@4.2.0:
    optional: true

  lodash.isarguments@3.1.0:
    optional: true

  marked@15.0.12: {}

  mime-db@1.54.0: {}

  mime-types@3.0.2:
    dependencies:
      mime-db: 1.54.0

  mime@3.0.0: {}

  ms@2.1.3:
    optional: true

  msgpackr-extract@3.0.3:
    dependencies:
      node-gyp-build-optional-packages: 5.2.2
    optionalDependencies:
      '@msgpackr-extract/msgpackr-extract-darwin-arm64': 3.0.3
      '@msgpackr-extract/msgpackr-extract-darwin-x64': 3.0.3
      '@msgpackr-extract/msgpackr-extract-linux-arm': 3.0.3
      '@msgpackr-extract/msgpackr-extract-linux-arm64': 3.0.3
      '@msgpackr-extract/msgpackr-extract-linux-x64': 3.0.3
      '@msgpackr-extract/msgpackr-extract-win32-x64': 3.0.3
    optional: true

  msgpackr@1.11.8:
    optionalDependencies:
      msgpackr-extract: 3.0.3

  multipasta@0.2.7: {}

  node-addon-api@7.1.1: {}

  node-gyp-build-optional-packages@5.2.2:
    dependencies:
      detect-libc: 2.1.2
    optional: true

  picomatch@4.0.3: {}

  pure-rand@6.1.0: {}

  redis-errors@1.2.0:
    optional: true

  redis-parser@3.0.0:
    dependencies:
      redis-errors: 1.2.0
    optional: true

  standard-as-callback@2.1.0:
    optional: true

  toml@3.0.0: {}

  typescript@5.9.3: {}

  undici-types@7.16.0: {}

  undici@7.19.0: {}

  uuid@11.1.0: {}

  ws@8.19.0: {}

  yaml@2.8.2: {}
