{
  "nodes": {
    "nixpkgs": {
      "locked": {
        "lastModified": 1789178647,
        "narHash": "sha256-QKzNhJrBkLagm1tF3ifpCptUygt5eBYUxjdNWRSgzHc=",
        "owner": "NixOS",
        "repo": "nixpkgs",
        "rev": "4ba99f3209788ed04f01af38f77ddb803ad6ec63",
        "type": "github"
      },
      "original": {
        "owner": "NixOS",
        "ref": "nixos-unstable",
        "repo": "nixpkgs",
        "type": "github"
      }
    },
    "root": {
      "inputs": {
        "nixpkgs": "nixpkgs"
      }
    }
  },
  "root": "root",
  "version": 7
}
